// !$*UTF8*$!
{
	archiveVersion = 1;
	classes = {
	};
	objectVersion = 50;
	objects = {

/* Begin PBXBuildFile section */
		31FA70DBE11C5E83124F164A /* libPods-Homework_Storyboard_3.a in Frameworks */ = {isa = PBXBuildFile; fileRef = 63F57F762FBB629046C2B17D /* libPods-Homework_Storyboard_3.a */; };
		5DAA6CF625C5AE16002CF885 /* AppDelegate.swift in Sources */ = {isa = PBXBuildFile; fileRef = 5DAA6CF525C5AE16002CF885 /* AppDelegate.swift */; };
		5DAA6CF825C5AE16002CF885 /* SceneDelegate.swift in Sources */ = {isa = PBXBuildFile; fileRef = 5DAA6CF725C5AE16002CF885 /* SceneDelegate.swift */; };
		5DAA6CFA25C5AE16002CF885 /* ViewController.swift in Sources */ = {isa = PBXBuildFile; fileRef = 5DAA6CF925C5AE16002CF885 /* ViewController.swift */; };
		5DAA6CFD25C5AE16002CF885 /* Main.storyboard in Resources */ = {isa = PBXBuildFile; fileRef = 5DAA6CFB25C5AE16002CF885 /* Main.storyboard */; };
		5DAA6CFF25C5AE17002CF885 /* Assets.xcassets in Resources */ = {isa = PBXBuildFile; fileRef = 5DAA6CFE25C5AE17002CF885 /* Assets.xcassets */; };
		5DAA6D0225C5AE17002CF885 /* LaunchScreen.storyboard in Resources */ = {isa = PBXBuildFile; fileRef = 5DAA6D0025C5AE17002CF885 /* LaunchScreen.storyboard */; };
/* End PBXBuildFile section */

/* Begin PBXFileReference section */
		01076D259E2B783ECB971295 /* Pods-Homework_Storyboard_3.debug.xcconfig */ = {isa = PBXFileReference; includeInIndex = 1; lastKnownFileType = text.xcconfig; name = "Pods-Homework_Storyboard_3.debug.xcconfig"; path = "Target Support Files/Pods-Homework_Storyboard_3/Pods-Homework_Storyboard_3.debug.xcconfig"; sourceTree = "<group>"; };
		341A56BB31CC2EAD806B7C47 /* Pods-Homework_Storyboard_3.release.xcconfig */ = {isa = PBXFileReference; includeInIndex = 1; lastKnownFileType = text.xcconfig; name = "Pods-Homework_Storyboard_3.release.xcconfig"; path = "Target Support Files/Pods-Homework_Storyboard_3/Pods-Homework_Storyboard_3.release.xcconfig"; sourceTree = "<group>"; };
		5DAA6CF225C5AE16002CF885 /* Homework_Storyboard_3.app */ = {isa = PBXFileReference; explicitFileType = wrapper.application; includeInIndex = 0; path = Homework_Storyboard_3.app; sourceTree = BUILT_PRODUCTS_DIR; };
		5DAA6CF525C5AE16002CF885 /* AppDelegate.swift */ = {isa = PBXFileReference; lastKnownFileType = sourcecode.swift; path = AppDelegate.swift; sourceTree = "<group>"; };
		5DAA6CF725C5AE16002CF885 /* SceneDelegate.swift */ = {isa = PBXFileReference; lastKnownFileType = sourcecode.swift; path = SceneDelegate.swift; sourceTree = "<group>"; };
		5DAA6CF925C5AE16002CF885 /* ViewController.swift */ = {isa = PBXFileReference; lastKnownFileType = sourcecode.swift; path = ViewController.swift; sourceTree = "<group>"; };
		5DAA6CFC25C5AE16002CF885 /* Base */ = {isa = PBXFileReference; lastKnownFileType = file.storyboard; name = Base; path = Base.lproj/Main.storyboard; sourceTree = "<group>"; };
		5DAA6CFE25C5AE17002CF885 /* Assets.xcassets */ = {isa = PBXFileReference; lastKnownFileType = folder.assetcatalog; path = Assets.xcassets; sourceTree = "<group>"; };
		5DAA6D0125C5AE17002CF885 /* Base */ = {isa = PBXFileReference; lastKnownFileType = file.storyboard; name = Base; path = Base.lproj/LaunchScreen.storyboard; sourceTree = "<group>"; };
		5DAA6D0325C5AE17002CF885 /* Info.plist */ = {isa = PBXFileReference; lastKnownFileType = text.plist.xml; path = Info.plist; sourceTree = "<group>"; };
		63F57F762FBB629046C2B17D /* libPods-Homework_Storyboard_3.a */ = {isa = PBXFileReference; explicitFileType = archive.ar; includeInIndex = 0; path = "libPods-Homework_Storyboard_3.a"; sourceTree = BUILT_PRODUCTS_DIR; };
/* End PBXFileReference section */

/* Begin PBXFrameworksBuildPhase section */
		5DAA6CEF25C5AE15002CF885 /* Frameworks */ = {
			isa = PBXFrameworksBuildPhase;
			buildActionMask = 2147483647;
			files = (
				31FA70DBE11C5E83124F164A /* libPods-Homework_Storyboard_3.a in Frameworks */,
			);
			runOnlyForDeploymentPostprocessing = 0;
		};
/* End PBXFrameworksBuildPhase section */

/* Begin PBXGroup section */
		5DAA6CE925C5AE15002CF885 = {
			isa = PBXGroup;
			children = (
				5DAA6CF425C5AE16002CF885 /* Homework_Storyboard_3 */,
				5DAA6CF325C5AE16002CF885 /* Products */,
				E73D4412FECA1E293376F29C /* Pods */,
				CA6B5587CC77228493532646 /* Frameworks */,
			);
			sourceTree = "<group>";
		};
		5DAA6CF325C5AE16002CF885 /* Products */ = {
			isa = PBXGroup;
			children = (
				5DAA6CF225C5AE16002CF885 /* Homework_Storyboard_3.app */,
			);
			name = Products;
			sourceTree = "<group>";
		};
		5DAA6CF425C5AE16002CF885 /* Homework_Storyboard_3 */ = {
			isa = PBXGroup;
			children = (
				5DAA6CF525C5AE16002CF885 /* AppDelegate.swift */,
				5DAA6CF725C5AE16002CF885 /* SceneDelegate.swift */,
				5DAA6CF925C5AE16002CF885 /* ViewController.swift */,
				5DAA6CFB25C5AE16002CF885 /* Main.storyboard */,
				5DAA6CFE25C5AE17002CF885 /* Assets.xcassets */,
				5DAA6D0025C5AE17002CF885 /* LaunchScreen.storyboard */,
				5DAA6D0325C5AE17002CF885 /* Info.plist */,
			);
			path = Homework_Storyboard_3;
			sourceTree = "<group>";
		};
		CA6B5587CC77228493532646 /* Frameworks */ = {
			isa = PBXGroup;
			children = (
				63F57F762FBB629046C2B17D /* libPods-Homework_Storyboard_3.a */,
			);
			name = Frameworks;
			sourceTree = "<group>";
		};
		E73D4412FECA1E293376F29C /* Pods */ = {
			isa = PBXGroup;
			children = (
				01076D259E2B783ECB971295 /* Pods-Homework_Storyboard_3.debug.xcconfig */,
				341A56BB31CC2EAD806B7C47 /* Pods-Homework_Storyboard_3.release.xcconfig */,
			);
			name = Pods;
			path = Pods;
			sourceTree = "<group>";
		};
/* End PBXGroup section */

/* Begin PBXNativeTarget section */
		5DAA6CF125C5AE15002CF885 /* Homework_Storyboard_3 */ = {
			isa = PBXNativeTarget;
			buildConfigurationList = 5DAA6D0625C5AE17002CF885 /* Build configuration list for PBXNativeTarget "Homework_Storyboard_3" */;
			buildPhases = (
				CF8E42FA70A439A8C7A54038 /* [CP] Check Pods Manifest.lock */,
				5DAA6CEE25C5AE15002CF885 /* Sources */,
				5DAA6CEF25C5AE15002CF885 /* Frameworks */,
				5DAA6CF025C5AE15002CF885 /* Resources */,
			);
			buildRules = (
			);
			dependencies = (
			);
			name = Homework_Storyboard_3;
			productName = Homework_Storyboard_3;
			productReference = 5DAA6CF225C5AE16002CF885 /* Homework_Storyboard_3.app */;
			productType = "com.apple.product-type.application";
		};
/* End PBXNativeTarget section */

/* Begin PBXProject section */
		5DAA6CEA25C5AE15002CF885 /* Project object */ = {
			isa = PBXProject;
			attributes = {
				LastSwiftUpdateCheck = 1240;
				LastUpgradeCheck = 1240;
				TargetAttributes = {
					5DAA6CF125C5AE15002CF885 = {
						CreatedOnToolsVersion = 12.4;
					};
				};
			};
			buildConfigurationList = 5DAA6CED25C5AE15002CF885 /* Build configuration list for PBXProject "Homework_Storyboard_3" */;
			compatibilityVersion = "Xcode 9.3";
			developmentRegion = en;
			hasScannedForEncodings = 0;
			knownRegions = (
				en,
				Base,
			);
			mainGroup = 5DAA6CE925C5AE15002CF885;
			productRefGroup = 5DAA6CF325C5AE16002CF885 /* Products */;
			projectDirPath = "";
			projectRoot = "";
			targets = (
				5DAA6CF125C5AE15002CF885 /* Homework_Storyboard_3 */,
			);
		};
/* End PBXProject section */

/* Begin PBXResourcesBuildPhase section */
		5DAA6CF025C5AE15002CF885 /* Resources */ = {
			isa = PBXResourcesBuildPhase;
			buildActionMask = 2147483647;
			files = (
				5DAA6D0225C5AE17002CF885 /* LaunchScreen.storyboard in Resources */,
				5DAA6CFF25C5AE17002CF885 /* Assets.xcassets in Resources */,
				5DAA6CFD25C5AE16002CF885 /* Main.storyboard in Resources */,
			);
			runOnlyForDeploymentPostprocessing = 0;
		};
/* End PBXResourcesBuildPhase section */

/* Begin PBXShellScriptBuildPhase section */
		CF8E42FA70A439A8C7A54038 /* [CP] Check Pods Manifest.lock */ = {
			isa = PBXShellScriptBuildPhase;
			buildActionMask = 2147483647;
			files = (
			);
			inputFileListPaths = (
			);
			inputPaths = (
				"${PODS_PODFILE_DIR_PATH}/Podfile.lock",
				"${PODS_ROOT}/Manifest.lock",
			);
			name = "[CP] Check Pods Manifest.lock";
			outputFileListPaths = (
			);
			outputPaths = (
				"$(DERIVED_FILE_DIR)/Pods-Homework_Storyboard_3-checkManifestLockResult.txt",
			);
			runOnlyForDeploymentPostprocessing = 0;
			shellPath = /bin/sh;
			shellScript = "diff \"${PODS_PODFILE_DIR_PATH}/Podfile.lock\" \"${PODS_ROOT}/Manifest.lock\" > /dev/null\nif [ $? != 0 ] ; then\n    # print error to STDERR\n    echo \"error: The sandbox is not in sync with the Podfile.lock. Run 'pod install' or update your CocoaPods installation.\" >&2\n    exit 1\nfi\n# This output is used by Xcode 'outputs' to avoid re-running this script phase.\necho \"SUCCESS\" > \"${SCRIPT_OUTPUT_FILE_0}\"\n";
			showEnvVarsInLog = 0;
		};
/* End PBXShellScriptBuildPhase section */

/* Begin PBXSourcesBuildPhase section */
		5DAA6CEE25C5AE15002CF885 /* Sources */ = {
			isa = PBXSourcesBuildPhase;
			buildActionMask = 2147483647;
			files = (
				5DAA6CFA25C5AE16002CF885 /* ViewController.swift in Sources */,
				5DAA6CF625C5AE16002CF885 /* AppDelegate.swift in Sources */,
				5DAA6CF825C5AE16002CF885 /* SceneDelegate.swift in Sources */,
			);
			runOnlyForDeploymentPostprocessing = 0;
		};
/* End PBXSourcesBuildPhase section */

/* Begin PBXVariantGroup section */
		5DAA6CFB25C5AE16002CF885 /* Main.storyboard */ = {
			isa = PBXVariantGroup;
			children = (
				5DAA6CFC25C5AE16002CF885 /* Base */,
			);
			name = Main.storyboard;
			sourceTree = "<group>";
		};
		5DAA6D0025C5AE17002CF885 /* LaunchScreen.storyboard */ = {
			isa = PBXVariantGroup;
			children = (
				5DAA6D0125C5AE17002CF885 /* Base */,
			);
			name = LaunchScreen.storyboard;
			sourceTree = "<group>";
		};
/* End PBXVariantGroup section */

/* Begin XCBuildConfiguration section */
		5DAA6D0425C5AE17002CF885 /* Debug */ = {
			isa = XCBuildConfiguration;
			buildSettings = {
				ALWAYS_SEARCH_USER_PATHS = NO;
				CLANG_ANALYZER_NONNULL = YES;
				CLANG_ANALYZER_NUMBER_OBJECT_CONVERSION = YES_AGGRESSIVE;
				CLANG_CXX_LANGUAGE_STANDARD = "gnu++14";
				CLANG_CXX_LIBRARY = "libc++";
				CLANG_ENABLE_MODULES = YES;
				CLANG_ENABLE_OBJC_ARC = YES;
				CLANG_ENABLE_OBJC_WEAK = YES;
				CLANG_WARN_BLOCK_CAPTURE_AUTORELEASING = YES;
				CLANG_WARN_BOOL_CONVERSION = YES;
				CLANG_WARN_COMMA = YES;
				CLANG_WARN_CONSTANT_CONVERSION = YES;
				CLANG_WARN_DEPRECATED_OBJC_IMPLEMENTATIONS = YES;
				CLANG_WARN_DIRECT_OBJC_ISA_USAGE = YES_ERROR;
				CLANG_WARN_DOCUMENTATION_COMMENTS = YES;
				CLANG_WARN_EMPTY_BODY = YES;
				CLANG_WARN_ENUM_CONVERSION = YES;
				CLANG_WARN_INFINITE_RECURSION = YES;
				CLANG_WARN_INT_CONVERSION = YES;
				CLANG_WARN_NON_LITERAL_NULL_CONVERSION = YES;
				CLANG_WARN_OBJC_IMPLICIT_RETAIN_SELF = YES;
				CLANG_WARN_OBJC_LITERAL_CONVERSION = YES;
				CLANG_WARN_OBJC_ROOT_CLASS = YES_ERROR;
				CLANG_WARN_QUOTED_INCLUDE_IN_FRAMEWORK_HEADER = YES;
				CLANG_WARN_RANGE_LOOP_ANALYSIS = YES;
				CLANG_WARN_STRICT_PROTOTYPES = YES;
				CLANG_WARN_SUSPICIOUS_MOVE = YES;
				CLANG_WARN_UNGUARDED_AVAILABILITY = YES_AGGRESSIVE;
				CLANG_WARN_UNREACHABLE_CODE = YES;
				CLANG_WARN__DUPLICATE_METHOD_MATCH = YES;
				COPY_PHASE_STRIP = NO;
				DEBUG_INFORMATION_FORMAT = dwarf;
				ENABLE_STRICT_OBJC_MSGSEND = YES;
				ENABLE_TESTABILITY = YES;
				GCC_C_LANGUAGE_STANDARD = gnu11;
				GCC_DYNAMIC_NO_PIC = NO;
				GCC_NO_COMMON_BLOCKS = YES;
				GCC_OPTIMIZATION_LEVEL = 0;
				GCC_PREPROCESSOR_DEFINITIONS = (
					"DEBUG=1",
					"$(inherited)",
				);
				GCC_WARN_64_TO_32_BIT_CONVERSION = YES;
				GCC_WARN_ABOUT_RETURN_TYPE = YES_ERROR;
				GCC_WARN_UNDECLARED_SELECTOR = YES;
				GCC_WARN_UNINITIALIZED_AUTOS = YES_AGGRESSIVE;
				GCC_WARN_UNUSED_FUNCTION = YES;
				GCC_WARN_UNUSED_VARIABLE = YES;
				IPHONEOS_DEPLOYMENT_TARGET = 14.1;
				MTL_ENABLE_DEBUG_INFO = INCLUDE_SOURCE;
				MTL_FAST_MATH = YES;
				ONLY_ACTIVE_ARCH = YES;
				SDKROOT = iphoneos;
				SWIFT_ACTIVE_COMPILATION_CONDITIONS = DEBUG;
				SWIFT_OPTIMIZATION_LEVEL = "-Onone";
			};
			name = Debug;
		};
		5DAA6D0525C5AE17002CF885 /* Release */ = {
			isa = XCBuildConfiguration;
			buildSettings = {
				ALWAYS_SEARCH_USER_PATHS = NO;
				CLANG_ANALYZER_NONNULL = YES;
				CLANG_ANALYZER_NUMBER_OBJECT_CONVERSION = YES_AGGRESSIVE;
				CLANG_CXX_LANGUAGE_STANDARD = "gnu++14";
				CLANG_CXX_LIBRARY = "libc++";
				CLANG_ENABLE_MODULES = YES;
				CLANG_ENABLE_OBJC_ARC = YES;
				CLANG_ENABLE_OBJC_WEAK = YES;
				CLANG_WARN_BLOCK_CAPTURE_AUTORELEASING = YES;
				CLANG_WARN_BOOL_CONVERSION = YES;
				CLANG_WARN_COMMA = YES;
				CLANG_WARN_CONSTANT_CONVERSION = YES;
				CLANG_WARN_DEPRECATED_OBJC_IMPLEMENTATIONS = YES;
				CLANG_WARN_DIRECT_OBJC_ISA_USAGE = YES_ERROR;
				CLANG_WARN_DOCUMENTATION_COMMENTS = YES;
				CLANG_WARN_EMPTY_BODY = YES;
				CLANG_WARN_ENUM_CONVERSION = YES;
				CLANG_WARN_INFINITE_RECURSION = YES;
				CLANG_WARN_INT_CONVERSION = YES;
				CLANG_WARN_NON_LITERAL_NULL_CONVERSION = YES;
				CLANG_WARN_OBJC_IMPLICIT_RETAIN_SELF = YES;
				CLANG_WARN_OBJC_LITERAL_CONVERSION = YES;
				CLANG_WARN_OBJC_ROOT_CLASS = YES_ERROR;
				CLANG_WARN_QUOTED_INCLUDE_IN_FRAMEWORK_HEADER = YES;
				CLANG_WARN_RANGE_LOOP_ANALYSIS = YES;
				CLANG_WARN_STRICT_PROTOTYPES = YES;
				CLANG_WARN_SUSPICIOUS_MOVE = YES;
				CLANG_WARN_UNGUARDED_AVAILABILITY = YES_AGGRESSIVE;
				CLANG_WARN_UNREACHABLE_CODE = YES;
				CLANG_WARN__DUPLICATE_METHOD_MATCH = YES;
				COPY_PHASE_STRIP = NO;
				DEBUG_INFORMATION_FORMAT = "dwarf-with-dsym";
				ENABLE_NS_ASSERTIONS = NO;
				ENABLE_STRICT_OBJC_MSGSEND = YES;
				GCC_C_LANGUAGE_STANDARD = gnu11;
				GCC_NO_COMMON_BLOCKS = YES;
				GCC_WARN_64_TO_32_BIT_CONVERSION = YES;
				GCC_WARN_ABOUT_RETURN_TYPE = YES_ERROR;
				GCC_WARN_UNDECLARED_SELECTOR = YES;
				GCC_WARN_UNINITIALIZED_AUTOS = YES_AGGRESSIVE;
				GCC_WARN_UNUSED_FUNCTION = YES;
				GCC_WARN_UNUSED_VARIABLE = YES;
				IPHONEOS_DEPLOYMENT_TARGET = 14.1;
				MTL_ENABLE_DEBUG_INFO = NO;
				MTL_FAST_MATH = YES;
				SDKROOT = iphoneos;
				SWIFT_COMPILATION_MODE = wholemodule;
				SWIFT_OPTIMIZATION_LEVEL = "-O";
				VALIDATE_PRODUCT = YES;
			};
			name = Release;
		};
		5DAA6D0725C5AE17002CF885 /* Debug */ = {
			isa = XCBuildConfiguration;
			baseConfigurationReference = 01076D259E2B783ECB971295 /* Pods-Homework_Storyboard_3.debug.xcconfig */;
			buildSettings = {
				ASSETCATALOG_COMPILER_APPICON_NAME = AppIcon;
				ASSETCATALOG_COMPILER_GLOBAL_ACCENT_COLOR_NAME = AccentColor;
				CODE_SIGN_STYLE = Automatic;
				DEVELOPMENT_TEAM = L363K9J2RM;
				INFOPLIST_FILE = Homework_Storyboard_3/Info.plist;
				LD_RUNPATH_SEARCH_PATHS = (
					"$(inherited)",
					"@executable_path/Frameworks",
				);
				PRODUCT_BUNDLE_IDENTIFIER = "homework.Homework-Storyboard-3";
				PRODUCT_NAME = "$(TARGET_NAME)";
				SWIFT_VERSION = 5.0;
				TARGETED_DEVICE_FAMILY = "1,2";
			};
			name = Debug;
		};
		5DAA6D0825C5AE17002CF885 /* Release */ = {
			isa = XCBuildConfiguration;
			baseConfigurationReference = 341A56BB31CC2EAD806B7C47 /* Pods-Homework_Storyboard_3.release.xcconfig */;
			buildSettings = {
				ASSETCATALOG_COMPILER_APPICON_NAME = AppIcon;
				ASSETCATALOG_COMPILER_GLOBAL_ACCENT_COLOR_NAME = AccentColor;
				CODE_SIGN_STYLE = Automatic;
				DEVELOPMENT_TEAM = L363K9J2RM;
				INFOPLIST_FILE = Homework_Storyboard_3/Info.plist;
				LD_RUNPATH_SEARCH_PATHS = (
					"$(inherited)",
					"@executable_path/Frameworks",
				);
				PRODUCT_BUNDLE_IDENTIFIER = "homework.Homework-Storyboard-3";
				PRODUCT_NAME = "$(TARGET_NAME)";
				SWIFT_VERSION = 5.0;
				TARGETED_DEVICE_FAMILY = "1,2";
			};
			name = Release;
		};
/* End XCBuildConfiguration section */

/* Begin XCConfigurationList section */
		5DAA6CED25C5AE15002CF885 /* Build configuration list for PBXProject "Homework_Storyboard_3" */ = {
			isa = XCConfigurationList;
			buildConfigurations = (
				5DAA6D0425C5AE17002CF885 /* Debug */,
				5DAA6D0525C5AE17002CF885 /* Release */,
			);
			defaultConfigurationIsVisible = 0;
			defaultConfigurationName = Release;
		};
		5DAA6D0625C5AE17002CF885 /* Build configuration list for PBXNativeTarget "Homework_Storyboard_3" */ = {
			isa = XCConfigurationList;
			buildConfigurations = (
				5DAA6D0725C5AE17002CF885 /* Debug */,
				5DAA6D0825C5AE17002CF885 /* Release */,
			);
			defaultConfigurationIsVisible = 0;
			defaultConfigurationName = Release;
		};
/* End XCConfigurationList section */
	};
	rootObject = 5DAA6CEA25C5AE15002CF885 /* Project object */;
}
